<?xml version="1.0" encoding="utf-8"?>
<Project ToolsVersion="4.0" xmlns="http://schemas.microsoft.com/developer/msbuild/2003">
  <ItemGroup>
    <Filter Include="Source Files">
      <UniqueIdentifier>{4FC737F1-C7A5-4376-A066-2A32D752A2FF}</UniqueIdentifier>
      <Extensions>cpp;c;cc;cxx;c++;cppm;ixx;def;odl;idl;hpj;bat;asm;asmx</Extensions>
    </Filter>
    <Filter Include="Header Files">
      <UniqueIdentifier>{93995380-89BD-4b04-88EB-625FBE52EBFB}</UniqueIdentifier>
      <Extensions>h;hh;hpp;hxx;h++;hm;inl;inc;ipp;xsd</Extensions>
    </Filter>
    <Filter Include="Resource Files">
      <UniqueIdentifier>{67DA6AB6-F800-4c08-8B7A-83BB121AAD01}</UniqueIdentifier>
      <Extensions>rc;ico;cur;bmp;dlg;rc2;rct;bin;rgs;gif;jpg;jpeg;jpe;resx;tiff;tif;png;wav;mfcribbon-ms</Extensions>
    </Filter>
  </ItemGroup>
  <ItemGroup>
    <ClInclude Include="SanPham.h">
      <Filter>Header Files</Filter>
    </ClInclude>
    <ClInclude Include="Mayquat.h">
      <Filter>Header Files</Filter>
    </ClInclude>
    <ClInclude Include="MayquatDung.h">
      <Filter>Header Files</Filter>
    </ClInclude>
    <ClInclude Include="MayquatHoinuoc.h">
      <Filter>Header Files</Filter>
    </ClInclude>
    <ClInclude Include="MayquatSacdien.h">
      <Filter>Header Files</Filter>
    </ClInclude>
    <ClInclude Include="Maylanh.h">
      <Filter>Header Files</Filter>
    </ClInclude>
    <ClInclude Include="Maylanh1chieu.h">
      <Filter>Header Files</Filter>
    </ClInclude>
    <ClInclude Include="Maylanh2chieu.h">
      <Filter>Header Files</Filter>
    </ClInclude>
    <ClInclude Include="ChitietHoadon.h">
      <Filter>Header Files</Filter>
    </ClInclude>
    <ClInclude Include="HoaDon.h">
      <Filter>Header Files</Filter>
    </ClInclude>
    <ClInclude Include="DanhsachHOADON.h">
      <Filter>Header Files</Filter>
    </ClInclude>
  </ItemGroup>
  <ItemGroup>
    <ClCompile Include="SanPham.cpp">
      <Filter>Source Files</Filter>
    </ClCompile>
    <ClCompile Include="Mayquat.cpp">
      <Filter>Source Files</Filter>
    </ClCompile>
    <ClCompile Include="MayquatDung.cpp">
      <Filter>Source Files</Filter>
    </ClCompile>
    <ClCompile Include="MayquatHoinuoc.cpp">
      <Filter>Source Files</Filter>
    </ClCompile>
    <ClCompile Include="MayquatSacdien.cpp">
      <Filter>Source Files</Filter>
    </ClCompile>
    <ClCompile Include="Maylanh.cpp">
      <Filter>Source Files</Filter>
    </ClCompile>
    <ClCompile Include="Maylanh1chieu.cpp">
      <Filter>Source Files</Filter>
    </ClCompile>
    <ClCompile Include="Maylanh2chieu.cpp">
      <Filter>Source Files</Filter>
    </ClCompile>
    <ClCompile Include="ChitietHoadon.cpp">
      <Filter>Source Files</Filter>
    </ClCompile>
    <ClCompile Include="Main.cpp">
      <Filter>Source Files</Filter>
    </ClCompile>
    <ClCompile Include="HoaDon.cpp">
      <Filter>Source Files</Filter>
    </ClCompile>
    <ClCompile Include="DanhsachHOADON.cpp">
      <Filter>Source Files</Filter>
    </ClCompile>
  </ItemGroup>
</Project>